
Microsoft Visual Studio Solution File, Format Version 12.00
# Visual Studio Version 16
VisualStudioVersion = 25.0.1706.4
MinimumVisualStudioVersion = 10.0.40219.1
Project("{FAE04EC0-301F-11D3-BF4B-00C04F79EFBC}") = "SprintLibrary", "SprintLibrary\SprintLibrary.csproj", "{32C0FD2D-4AF8-4C7C-B597-B138C30C7CE4}"
EndProject
Project("{FAE04EC0-301F-11D3-BF4B-00C04F79EFBC}") = "SprintFinal", "CodeSprintFinal\SprintFinal\SprintFinal.csproj", "{240D5B65-FEDF-49FD-B01B-E65CF938C3C5}"
EndProject
Project("{FAE04EC0-301F-11D3-BF4B-00C04F79EFBC}") = "SprintTest", "SprintTest\SprintTest\SprintTest.csproj", "{39F14A35-F6D4-47C7-8A7B-678A29F4A9BF}"
EndProject
Global
	GlobalSection(SolutionConfigurationPlatforms) = preSolution
		Debug|Any CPU = Debug|Any CPU
		Release|Any CPU = Release|Any CPU
	EndGlobalSection
	GlobalSection(ProjectConfigurationPlatforms) = postSolution
		{32C0FD2D-4AF8-4C7C-B597-B138C30C7CE4}.Debug|Any CPU.ActiveCfg = Debug|Any CPU
		{32C0FD2D-4AF8-4C7C-B597-B138C30C7CE4}.Debug|Any CPU.Build.0 = Debug|Any CPU
		{32C0FD2D-4AF8-4C7C-B597-B138C30C7CE4}.Release|Any CPU.ActiveCfg = Release|Any CPU
		{32C0FD2D-4AF8-4C7C-B597-B138C30C7CE4}.Release|Any CPU.Build.0 = Release|Any CPU
		{240D5B65-FEDF-49FD-B01B-E65CF938C3C5}.Debug|Any CPU.ActiveCfg = Debug|Any CPU
		{240D5B65-FEDF-49FD-B01B-E65CF938C3C5}.Debug|Any CPU.Build.0 = Debug|Any CPU
		{240D5B65-FEDF-49FD-B01B-E65CF938C3C5}.Release|Any CPU.ActiveCfg = Release|Any CPU
		{240D5B65-FEDF-49FD-B01B-E65CF938C3C5}.Release|Any CPU.Build.0 = Release|Any CPU
		{39F14A35-F6D4-47C7-8A7B-678A29F4A9BF}.Debug|Any CPU.ActiveCfg = Debug|Any CPU
		{39F14A35-F6D4-47C7-8A7B-678A29F4A9BF}.Debug|Any CPU.Build.0 = Debug|Any CPU
		{39F14A35-F6D4-47C7-8A7B-678A29F4A9BF}.Release|Any CPU.ActiveCfg = Release|Any CPU
		{39F14A35-F6D4-47C7-8A7B-678A29F4A9BF}.Release|Any CPU.Build.0 = Release|Any CPU
	EndGlobalSection
	GlobalSection(SolutionProperties) = preSolution
		HideSolutionNode = FALSE
	EndGlobalSection
	GlobalSection(ExtensibilityGlobals) = postSolution
		SolutionGuid = {B5C0340D-67CF-4E8C-AE50-1DCDBA006381}
	EndGlobalSection
EndGlobal
